
Microsoft Visual Studio Solution File, Format Version 12.00
# Visual Studio Version 17
VisualStudioVersion = 17.2.32505.173
MinimumVisualStudioVersion = 10.0.40219.1
Project("{9A19103F-16F7-4668-BE54-9A1E7A4F7556}") = "ScoreManager.ServiceInterface", "ScoreManager.ServiceInterface\ScoreManager.ServiceInterface.csproj", "{B4EBA7B7-563E-43CF-B8A5-C01AA3C10A36}"
EndProject
Project("{9A19103F-16F7-4668-BE54-9A1E7A4F7556}") = "ScoreManager.ServiceImpl", "ScoreManager.ServiceImpl\ScoreManager.ServiceImpl.csproj", "{E0818501-27CA-4FFB-A85A-278CDFC13A0A}"
EndProject
Project("{9A19103F-16F7-4668-BE54-9A1E7A4F7556}") = "ScoreManager.Model", "ScoreManager.Model\ScoreManager.Model.csproj", "{5F5FBACA-DEE5-4B4A-AF4D-D1F8BC3E6551}"
EndProject
Project("{9A19103F-16F7-4668-BE54-9A1E7A4F7556}") = "ScoreManager.Common", "ScoreManager.Common\ScoreManager.Common.csproj", "{887339E3-2048-43E7-894D-2BD6316106E6}"
EndProject
Project("{9A19103F-16F7-4668-BE54-9A1E7A4F7556}") = "ScoreManager.WebApp", "ScoreManager.WebApp\ScoreManager.WebApp.csproj", "{6D837C03-0C64-45F5-87BD-2F11B672B918}"
EndProject
Project("{9A19103F-16F7-4668-BE54-9A1E7A4F7556}") = "CodeFirstConsole", "CodeFirstConsole\CodeFirstConsole.csproj", "{1D954899-7614-4BAE-AB88-B84B44B849C0}"
EndProject
Global
	GlobalSection(SolutionConfigurationPlatforms) = preSolution
		Debug|Any CPU = Debug|Any CPU
		Release|Any CPU = Release|Any CPU
	EndGlobalSection
	GlobalSection(ProjectConfigurationPlatforms) = postSolution
		{B4EBA7B7-563E-43CF-B8A5-C01AA3C10A36}.Debug|Any CPU.ActiveCfg = Debug|Any CPU
		{B4EBA7B7-563E-43CF-B8A5-C01AA3C10A36}.Debug|Any CPU.Build.0 = Debug|Any CPU
		{B4EBA7B7-563E-43CF-B8A5-C01AA3C10A36}.Release|Any CPU.ActiveCfg = Release|Any CPU
		{B4EBA7B7-563E-43CF-B8A5-C01AA3C10A36}.Release|Any CPU.Build.0 = Release|Any CPU
		{E0818501-27CA-4FFB-A85A-278CDFC13A0A}.Debug|Any CPU.ActiveCfg = Debug|Any CPU
		{E0818501-27CA-4FFB-A85A-278CDFC13A0A}.Debug|Any CPU.Build.0 = Debug|Any CPU
		{E0818501-27CA-4FFB-A85A-278CDFC13A0A}.Release|Any CPU.ActiveCfg = Release|Any CPU
		{E0818501-27CA-4FFB-A85A-278CDFC13A0A}.Release|Any CPU.Build.0 = Release|Any CPU
		{5F5FBACA-DEE5-4B4A-AF4D-D1F8BC3E6551}.Debug|Any CPU.ActiveCfg = Debug|Any CPU
		{5F5FBACA-DEE5-4B4A-AF4D-D1F8BC3E6551}.Debug|Any CPU.Build.0 = Debug|Any CPU
		{5F5FBACA-DEE5-4B4A-AF4D-D1F8BC3E6551}.Release|Any CPU.ActiveCfg = Release|Any CPU
		{5F5FBACA-DEE5-4B4A-AF4D-D1F8BC3E6551}.Release|Any CPU.Build.0 = Release|Any CPU
		{887339E3-2048-43E7-894D-2BD6316106E6}.Debug|Any CPU.ActiveCfg = Debug|Any CPU
		{887339E3-2048-43E7-894D-2BD6316106E6}.Debug|Any CPU.Build.0 = Debug|Any CPU
		{887339E3-2048-43E7-894D-2BD6316106E6}.Release|Any CPU.ActiveCfg = Release|Any CPU
		{887339E3-2048-43E7-894D-2BD6316106E6}.Release|Any CPU.Build.0 = Release|Any CPU
		{6D837C03-0C64-45F5-87BD-2F11B672B918}.Debug|Any CPU.ActiveCfg = Debug|Any CPU
		{6D837C03-0C64-45F5-87BD-2F11B672B918}.Debug|Any CPU.Build.0 = Debug|Any CPU
		{6D837C03-0C64-45F5-87BD-2F11B672B918}.Release|Any CPU.ActiveCfg = Release|Any CPU
		{6D837C03-0C64-45F5-87BD-2F11B672B918}.Release|Any CPU.Build.0 = Release|Any CPU
		{1D954899-7614-4BAE-AB88-B84B44B849C0}.Debug|Any CPU.ActiveCfg = Debug|Any CPU
		{1D954899-7614-4BAE-AB88-B84B44B849C0}.Debug|Any CPU.Build.0 = Debug|Any CPU
		{1D954899-7614-4BAE-AB88-B84B44B849C0}.Release|Any CPU.ActiveCfg = Release|Any CPU
		{1D954899-7614-4BAE-AB88-B84B44B849C0}.Release|Any CPU.Build.0 = Release|Any CPU
	EndGlobalSection
	GlobalSection(SolutionProperties) = preSolution
		HideSolutionNode = FALSE
	EndGlobalSection
	GlobalSection(ExtensibilityGlobals) = postSolution
		SolutionGuid = {295ABD53-01B2-4198-9ECA-80E96A613188}
	EndGlobalSection
EndGlobal
